{
  "name": "@korodrogerie/webpack-shopware-dynamic-chunk-splitting-plugin",
  "version": "1.0.0",
  "lockfileVersion": 2,
  "requires": true,
  "packages": {
    "": {
      "name": "@korodrogerie/webpack-shopware-dynamic-chunk-splitting-plugin",
      "version": "1.0.0",
      "license": "ISC",
      "dependencies": {
        "@shopware-ag/webpack-copy-after-build": "^1.0.1"
      }
    },
    "node_modules/@shopware-ag/webpack-copy-after-build": {
      "version": "1.0.1",
      "resolved": "https://registry.npmjs.org/@shopware-ag/webpack-copy-after-build/-/webpack-copy-after-build-1.0.1.tgz",
      "integrity": "sha512-shuW2uEAzqVviJRrIou+lD+ubCRBG8M9QDFHEU1n0UFQGxsoAViSbdifhLJQDMmHarGACJpEDGubLe/6uaZzHg==",
      "dependencies": {
        "mkdirp": "1.0.3"
      }
    },
    "node_modules/mkdirp": {
      "version": "1.0.3",
      "resolved": "https://registry.npmjs.org/mkdirp/-/mkdirp-1.0.3.tgz",
      "integrity": "sha512-6uCP4Qc0sWsgMLy1EOqqS/3rjDHOEnsStVr/4vtAIK2Y5i2kA7lFFejYrpIyiN9w0pYf4ckeCYT9f1r1P9KX5g==",
      "bin": {
        "mkdirp": "bin/cmd.js"
      },
      "engines": {
        "node": ">=10"
      }
    }
  },
  "dependencies": {
    "@shopware-ag/webpack-copy-after-build": {
      "version": "1.0.1",
      "resolved": "https://registry.npmjs.org/@shopware-ag/webpack-copy-after-build/-/webpack-copy-after-build-1.0.1.tgz",
      "integrity": "sha512-shuW2uEAzqVviJRrIou+lD+ubCRBG8M9QDFHEU1n0UFQGxsoAViSbdifhLJQDMmHarGACJpEDGubLe/6uaZzHg==",
      "requires": {
        "mkdirp": "1.0.3"
      }
    },
    "mkdirp": {
      "version": "1.0.3",
      "resolved": "https://registry.npmjs.org/mkdirp/-/mkdirp-1.0.3.tgz",
      "integrity": "sha512-6uCP4Qc0sWsgMLy1EOqqS/3rjDHOEnsStVr/4vtAIK2Y5i2kA7lFFejYrpIyiN9w0pYf4ckeCYT9f1r1P9KX5g=="
    }
  }
}
